# This file is automatically @generated by Cargo.
# It is not intended for manual editing.
version = 3

[[package]]
name = "fsize"
version = "1.0.0"
source = "registry+https://github.com/rust-lang/crates.io-index"
checksum = "3b19d411493e28de7c367187623f6cfea901e08fa4ed4a22685153c4fdb4ca42"

[[package]]
name = "prolog2"
version = "0.1.0"
dependencies = [
 "fsize",
]
